github.com/andybalholm/brotli v1.0.0/go.mod h1:loMXtMfwqflxFJPmdbJO0a3KNoPuLBgiu3qAvBg8x/Y=
github.com/andybalholm/brotli v1.0.2 h1:JKnhI/XQ75uFBTiuzXpzFrUriDPiZjlOSzh6wXogP0E=
github.com/andybalholm/brotli v1.0.2/go.mod h1:loMXtMfwqflxFJPmdbJO0a3KNoPuLBgiu3qAvBg8x/Y=
github.com/andybalholm/brotli v1.0.4 h1:V7DdXeJtZscaqfNuAdSRuRFzuiKlHSC/Zh3zl9qY3JY=
github.com/andybalholm/brotli v1.0.4/go.mod h1:fO7iG3H7G2nSZ7m0zPUDn85XEX2GTukHGRSepvi9Eig=
github.com/davecgh/go-spew v1.1.0 h1:ZDRjVQ15GmhC3fiQ8ni8+OwkZQO4DARzQgrnXU1Liz8=
github.com/davecgh/go-spew v1.1.0/go.mod h1:J7Y8YcW2NihsgmVo/mv3lAwl/skON4iLHjSsI+c5H38=
github.com/fasthttp/websocket v1.4.3-rc.8/go.mod h1:4m/MeZnTBQR2coy0HDUpyBXDkgtl2SxO+GZng0EKr6k=
github.com/fasthttp/websocket v1.4.3 h1:qjhRJ/rTy4KB8oBxljEC00SDt6HUY9jLRfM601SUdS4=
github.com/fasthttp/websocket v1.4.3/go.mod h1:5r4oKssgS7W6Zn6mPWap3NWzNPJNzUUh3baWTOhcYQk=
github.com/fasthttp/websocket v1.5.0 h1:B4zbe3xXyvIdnqjOZrafVFklCUq5ZLo/TqCt5JA1wLE=
github.com/fasthttp/websocket v1.5.0/go.mod h1:n0BlOQvJdPbTuBkZT0O5+jk/sp/1/VCzquR1BehI2F4=
github.com/gofiber/fiber/v2 v2.18.0/go.mod h1:/LdZHMUXZvTTo7gU4+b1hclqCAdoQphNQ9bi9gutPyI=
github.com/gofiber/fiber/v2 v2.19.0 h1:wBN88VUHT1RSC2ptwsRUl38DVWYkwnwUQY24s0keZVE=
github.com/gofiber/fiber/v2 v2.19.0/go.mod h1:/LdZHMUXZvTTo7gU4+b1hclqCAdoQphNQ9bi9gutPyI=
github.com/gofiber/fiber/v2 v2.21.0 h1:tdRNrgqWqcHWBwE3o51oAleEVsil4Ro02zd2vMEuP4Q=
github.com/gofiber/fiber/v2 v2.21.0/go.mod h1:MR1usVH3JHYRyQwMe2eZXRSZHRX38fkV+A7CPB+DlDQ=
github.com/gofiber/fiber/v2 v2.32.0 h1:lpgcGEq1UENv27uVuOaufAhU8wUKnX8yb9L7559Neec=
github.com/gofiber/fiber/v2 v2.32.0/go.mod h1:CMy5ZLiXkn6qwthrl03YMyW1NLfj0rhxz2LKl4t7ZTY=
github.com/gofiber/websocket/v2 v2.0.10 h1:2l4p+HJWIhElMjMgqMU0iKcEDw9T1quxNxligwJndpk=
github.com/gofiber/websocket/v2 v2.0.10/go.mod h1:naQFzOBD63niLQBMHQQQaD6bARrk90jrJJ/NyFaIals=
github.com/gofiber/websocket/v2 v2.0.21 h1:mQEiLXBqFsNNlJc5dzFgSGeoqoEXYvIcdBQzAZBdbL0=
github.com/gofiber/websocket/v2 v2.0.21/go.mod h1:AOdLDGRGMr9MXH0GjHD43xR17x5lzs0pd5E0/cEKYX8=
github.com/golang/snappy v0.0.3/go.mod h1:/XxbfmMg8lxefKM7IXC3fBNl/7bRcc72aCRzEWrmP2Q=
github.com/google/go-cmp v0.5.6 h1:BKbKCqvP6I+rmFHt06ZmyQtvB8xAkWdhFyr0ZUNZcxQ=
github.com/google/go-cmp v0.5.6/go.mod h1:v8dTdLbMG2kIc/vJvl+f65V22dbkXbowE6jgT/gNBxE=
github.com/google/uuid v1.2.0/go.mod h1:TIyPZe4MgqvfeYDBFedMoGGpEw/LqOeaOT+nhxU+yHo=
github.com/google/uuid v1.3.0 h1:t6JiXgmwXMjEs8VusXIJk2BXHsn+wx8BZdTaoZ5fu7I=
github.com/google/uuid v1.3.0/go.mod h1:TIyPZe4MgqvfeYDBFedMoGGpEw/LqOeaOT+nhxU+yHo=
github.com/klauspost/compress v1.10.4/go.mod h1:aoV0uJVorq1K+umq18yTdKaF57EivdYsUV+/s2qKfXs=
github.com/klauspost/compress v1.13.4 h1:0zhec2I8zGnjWcKyLl6i3gPqKANCCn5e9xmviEEeX6s=
github.com/klauspost/compress v1.13.4/go.mod h1:8dP1Hq4DHOhN9w426knH3Rhby4rFm6D8eO+e+Dq5Gzg=
github.com/klauspost/compress v1.14.1/go.mod h1:/3/Vjq9QcHkK5uEr5lBEmyoZ1iFhe47etQ6QUkpK6sk=
github.com/klauspost/compress v1.15.0 h1:xqfchp4whNFxn5A4XFyyYtitiWI8Hy5EW59jEwcyL6U=
github.com/klauspost/compress v1.15.0/go.mod h1:/3/Vjq9QcHkK5uEr5lBEmyoZ1iFhe47etQ6QUkpK6sk=
github.com/mitchellh/mapstructure v1.4.2 h1:6h7AQ0yhTcIsmFmnAwQls75jp2Gzs4iB8W7pjMO+rqo=
github.com/mitchellh/mapstructure v1.4.2/go.mod h1:bFUtVrKA4DC2yAKiSyO/QUcy7e+RRV2QTWOzhPopBRo=
github.com/pmezard/go-difflib v1.0.0 h1:4DBwDE0NGyQoBHbLQYPwSUPoCMWR5BEzIk/f1lZbAQM=
github.com/pmezard/go-difflib v1.0.0/go.mod h1:iKH77koFhYxTK1pcRnkKkqfTogsbg7gZNVY4sRDYZ/4=
github.com/savsgio/gotils v0.0.0-20200608150037-a5f6f5aef16c/go.mod h1:TWNAOTaVzGOXq8RbEvHnhzA/A2sLZzgn0m6URjnukY8=
github.com/savsgio/gotils v0.0.0-20210617111740-97865ed5a873 h1:N3Af8f13ooDKcIhsmFT7Z05CStZWu4C7Md0uDEy4q6o=
github.com/savsgio/gotils v0.0.0-20210617111740-97865ed5a873/go.mod h1:dmPawKuiAeG/aFYVs2i+Dyosoo7FNcm+Pi8iK6ZUrX8=
github.com/savsgio/gotils v0.0.0-20211223103454-d0aaa54c5899 h1:Orn7s+r1raRTBKLSc9DmbktTT04sL+vkzsbRD2Q8rOI=
github.com/savsgio/gotils v0.0.0-20211223103454-d0aaa54c5899/go.mod h1:oejLrk1Y/5zOF+c/aHtXqn3TFlzzbAgPWg8zBiAHDas=
github.com/stretchr/objx v0.1.0/go.mod h1:HFkY916IF+rwdDfMAkV7OtwuqBVzrE8GR6GFx+wExME=
github.com/stretchr/testify v1.7.0 h1:nwc3DEeHmmLAfoZucVR881uASk0Mfjw8xYJ99tb5CcY=
github.com/stretchr/testify v1.7.0/go.mod h1:6Fq8oRcR53rry900zMqJjRRixrwX3KX962/h/Wwjteg=
github.com/valyala/bytebufferpool v1.0.0 h1:GqA5TC/0021Y/b9FG4Oi9Mr3q7XYx6KllzawFIhcdPw=
github.com/valyala/bytebufferpool v1.0.0/go.mod h1:6bBcMArwyJ5K/AmCkWv1jt77kVWyCJ6HpOuEn7z0Csc=
github.com/valyala/fasthttp v1.14.0/go.mod h1:ol1PCaL0dX20wC0htZ7sYCsvCYmrouYra0zHzaclZhE=
github.com/valyala/fasthttp v1.29.0 h1:F5GKpytwFk5OhCuRh6H+d4vZAcEeNAwPTdwQnm6IERY=
github.com/valyala/fasthttp v1.29.0/go.mod h1:2rsYD01CKFrjjsvFxx75KlEUNpWNBY9JWD3K/7o2Cus=
github.com/valyala/fasthttp v1.31.0 h1:lrauRLII19afgCs2fnWRJ4M5IkV0lo2FqA61uGkNBfE=
github.com/valyala/fasthttp v1.31.0/go.mod h1:2rsYD01CKFrjjsvFxx75KlEUNpWNBY9JWD3K/7o2Cus=
github.com/valyala/fasthttp v1.33.0/go.mod h1:KJRK/MXx0J+yd0c5hlR+s1tIHD72sniU8ZJjl97LIw4=
github.com/valyala/fasthttp v1.35.0 h1:wwkR8mZn2NbigFsaw2Zj5r+xkmzjbrA/lyTmiSlal/Y=
github.com/valyala/fasthttp v1.35.0/go.mod h1:t/G+3rLek+CyY9bnIE+YlMRddxVAAGjhxndDB4i4C0I=
github.com/valyala/tcplisten v0.0.0-20161114210144-ceec8f93295a/go.mod h1:v3UYOV9WzVtRmSR+PDvWpU/qWl4Wa5LApYYX4ZtKbio=
github.com/valyala/tcplisten v1.0.0 h1:rBHj/Xf+E1tRGZyWIWwJDiRY0zc1Js+CV5DqwacVSA8=
github.com/valyala/tcplisten v1.0.0/go.mod h1:T0xQ8SeCZGxckz9qRXTfG43PvQ/mcWh7FwZEA7Ioqkc=
github.com/whitaker-io/data v0.1.2 h1:AmjVjQu0JMjmTxMgQc+jb+Hm9Nbf7PmXytB4XbWvBDY=
github.com/whitaker-io/data v0.1.2/go.mod h1:a7+TjyUrdKkpbLLGH9FwflI/LU93x5FyQ22mWvoKXQk=
go.opentelemetry.io/otel v1.0.0-RC3/go.mod h1:Ka5j3ua8tZs4Rkq4Ex3hwgBgOchyPVq5S6P2lz//nKQ=
go.opentelemetry.io/otel v1.0.0 h1:qTTn6x71GVBvoafHK/yaRUmFzI4LcONZD0/kXxl5PHI=
go.opentelemetry.io/otel v1.0.0/go.mod h1:AjRVh9A5/5DE7S+mZtTR6t8vpKKryam+0lREnfmS4cg=
go.opentelemetry.io/otel v1.0.1/go.mod h1:OPEOD4jIT2SlZPMmwT6FqZz2C0ZNdQqiWcoK6M0SNFU=
go.opentelemetry.io/otel v1.1.0 h1:8p0uMLcyyIx0KHNTgO8o3CW8A1aA+dJZJW6PvnMz0Wc=
go.opentelemetry.io/otel v1.1.0/go.mod h1:7cww0OW51jQ8IaZChIEdqLwgh+44+7uiTdWsAL0wQpA=
go.opentelemetry.io/otel v1.2.0 h1:YOQDvxO1FayUcT9MIhJhgMyNO1WqoduiyvQHzGN0kUQ=
go.opentelemetry.io/otel v1.2.0/go.mod h1:aT17Fk0Z1Nor9e0uisf98LrntPGMnk4frBO9+dkf69I=
go.opentelemetry.io/otel/internal/metric v0.23.0 h1:mPfzm9Iqhw7G2nDBmUAjFTfPqLZPbOW2k7QI57ITbaI=
go.opentelemetry.io/otel/internal/metric v0.23.0/go.mod h1:z+RPiDJe30YnCrOhFGivwBS+DU1JU/PiLKkk4re2DNY=
go.opentelemetry.io/otel/internal/metric v0.24.0 h1:O5lFy6kAl0LMWBjzy3k//M8VjEaTDWL9DPJuqZmWIAA=
go.opentelemetry.io/otel/internal/metric v0.24.0/go.mod h1:PSkQG+KuApZjBpC6ea6082ZrWUUy/w132tJ/LOU3TXk=
go.opentelemetry.io/otel/internal/metric v0.24.1-0.20211101162739-7ce58f355851 h1:cu2Ovpxau4eqY7xCvE0NCSq1JELqlzlQVvn/7TMc47E=
go.opentelemetry.io/otel/internal/metric v0.24.1-0.20211101162739-7ce58f355851/go.mod h1:QLGSEmJKlWy345dP9tUihX1oQO5AW7E7XU8zx6hacaE=
go.opentelemetry.io/otel/internal/metric v0.25.0 h1:w/7RXe16WdPylaIXDgcYM6t/q0K5lXgSdZOEbIEyliE=
go.opentelemetry.io/otel/internal/metric v0.25.0/go.mod h1:Nhuw26QSX7d6n4duoqAFi5KOQR4AuzyMcl5eXOgwxtc=
go.opentelemetry.io/otel/metric v0.23.0 h1:mYCcDxi60P4T27/0jchIDFa1WHEfQeU3zH9UEMpnj2c=
go.opentelemetry.io/otel/metric v0.23.0/go.mod h1:G/Nn9InyNnIv7J6YVkQfpc0JCfKBNJaERBGw08nqmVQ=
go.opentelemetry.io/otel/metric v0.24.0 h1:Rg4UYHS6JKR1Sw1TxnI13z7q/0p/XAbgIqUTagvLJuU=
go.opentelemetry.io/otel/metric v0.24.0/go.mod h1:tpMFnCD9t+BEGiWY2bWF5+AwjuAdM0lSowQ4SBA3/K4=
go.opentelemetry.io/otel/metric v0.24.1-0.20211101162739-7ce58f355851 h1:22RCAhPZDDYdwfzvpJrKrzLOHviTDIfbY15hjw2wFR4=
go.opentelemetry.io/otel/metric v0.24.1-0.20211101162739-7ce58f355851/go.mod h1:v+i84t9J5Dfqwky+FLMUY6gCMe5UwrqtaAxtqCqwJsQ=
go.opentelemetry.io/otel/metric v0.25.0 h1:7cXOnCADUsR3+EOqxPaSKwhEuNu0gz/56dRN1hpIdKw=
go.opentelemetry.io/otel/metric v0.25.0/go.mod h1:E884FSpQfnJOMMUaq+05IWlJ4rjZpk2s/F1Ju+TEEm8=
go.opentelemetry.io/otel/trace v1.0.0-RC3/go.mod h1:VUt2TUYd8S2/ZRX09ZDFZQwn2RqfMB5MzO17jBojGxo=
go.opentelemetry.io/otel/trace v1.0.0 h1:TSBr8GTEtKevYMG/2d21M989r5WJYVimhTHBKVEZuh4=
go.opentelemetry.io/otel/trace v1.0.0/go.mod h1:PXTWqayeFUlJV1YDNhsJYB184+IvAH814St6o6ajzIs=
go.opentelemetry.io/otel/trace v1.0.1/go.mod h1:5g4i4fKLaX2BQpSBsxw8YYcgKpMMSW3x7ZTuYBr3sUk=
go.opentelemetry.io/otel/trace v1.1.0 h1:N25T9qCL0+7IpOT8RrRy0WYlL7y6U0WiUJzXcVdXY/o=
go.opentelemetry.io/otel/trace v1.1.0/go.mod h1:i47XtdcBQiktu5IsrPqOHe8w+sBmnLwwHt8wiUsWGTI=
go.opentelemetry.io/otel/trace v1.2.0 h1:Ys3iqbqZhcf28hHzrm5WAquMkDHNZTUkw7KHbuNjej0=
go.opentelemetry.io/otel/trace v1.2.0/go.mod h1:N5FLswTubnxKxOJHM7XZC074qpeEdLy3CgAVsdMucK0=
golang.org/x/crypto v0.0.0-20190308221718-c2843e01d9a2/go.mod h1:djNgcEr1/C05ACkg1iLfiJU5Ep61QUkGW8qpdssI0+w=
golang.org/x/crypto v0.0.0-20210513164829-c07d793c2f9a/go.mod h1:P+XmwS30IXTQdn5tA2iutPOUgjI07+tq3H3K9MVA1s8=
golang.org/x/crypto v0.0.0-20220112180741-5e0467b6c7ce/go.mod h1:IxCIyHEi3zRg3s0A5j5BB6A9Jmi73HwBIUl50j+osU4=
golang.org/x/crypto v0.0.0-20220214200702-86341886e292/go.mod h1:IxCIyHEi3zRg3s0A5j5BB6A9Jmi73HwBIUl50j+osU4=
golang.org/x/net v0.0.0-20200324143707-d3edc9973b7e/go.mod h1:qpuaurCH72eLCgpAm/N6yyVIVM9cpaDIP3A8BGJEC5A=
golang.org/x/net v0.0.0-20210226172049-e18ecbb05110/go.mod h1:m0MpNAwzfU5UDzcl9v0D8zg8gWTRqZa9RBIspLL5mdg=
golang.org/x/net v0.0.0-20210510120150-4163338589ed/go.mod h1:9nx3DQGgdP8bBQD5qxJ1jj9UTztislL4KSBs9R2vV5Y=
golang.org/x/net v0.0.0-20211112202133-69e39bad7dc2/go.mod h1:9nx3DQGgdP8bBQD5qxJ1jj9UTztislL4KSBs9R2vV5Y=
golang.org/x/net v0.0.0-20220111093109-d55c255bac03/go.mod h1:9nx3DQGgdP8bBQD5qxJ1jj9UTztislL4KSBs9R2vV5Y=
golang.org/x/net v0.0.0-20220225172249-27dd8689420f/go.mod h1:CfG3xpIq0wQ8r1q4Su4UZFWDARRcnwPjda9FqA0JpMk=
golang.org/x/sys v0.0.0-20190215142949-d0b11bdaac8a/go.mod h1:STP8DvDyc/dI5b8T5hshtkjS+E42TnysNCUPdjciGhY=
golang.org/x/sys v0.0.0-20200323222414-85ca7c5b95cd/go.mod h1:h1NjWce9XRLGQEsW7wpKNCjG9DtNlClVuFLEZdDNbEs=
golang.org/x/sys v0.0.0-20201119102817-f84b799fce68/go.mod h1:h1NjWce9XRLGQEsW7wpKNCjG9DtNlClVuFLEZdDNbEs=
golang.org/x/sys v0.0.0-20210423082822-04245dca01da/go.mod h1:h1NjWce9XRLGQEsW7wpKNCjG9DtNlClVuFLEZdDNbEs=
golang.org/x/sys v0.0.0-20210514084401-e8d321eab015 h1:hZR0X1kPW+nwyJ9xRxqZk1vx5RUObAPBdKVvXPDUH/E=
golang.org/x/sys v0.0.0-20210514084401-e8d321eab015/go.mod h1:oPkhp1MJrh7nUepCBck5+mAzfO9JrbApNNgaTdGDITg=
golang.org/x/sys v0.0.0-20210615035016-665e8c7367d1/go.mod h1:oPkhp1MJrh7nUepCBck5+mAzfO9JrbApNNgaTdGDITg=
golang.org/x/sys v0.0.0-20211216021012-1d35b9e2eb4e/go.mod h1:oPkhp1MJrh7nUepCBck5+mAzfO9JrbApNNgaTdGDITg=
golang.org/x/sys v0.0.0-20220111092808-5a964db01320/go.mod h1:oPkhp1MJrh7nUepCBck5+mAzfO9JrbApNNgaTdGDITg=
golang.org/x/sys v0.0.0-20220227234510-4e6760a101f9 h1:nhht2DYV/Sn3qOayu8lM+cU1ii9sTLUeBQwQQfUHtrs=
golang.org/x/sys v0.0.0-20220227234510-4e6760a101f9/go.mod h1:oPkhp1MJrh7nUepCBck5+mAzfO9JrbApNNgaTdGDITg=
golang.org/x/term v0.0.0-20201126162022-7de9c90e9dd1/go.mod h1:bj7SfCRtBDWHUb9snDiAeCFNEtKQo2Wmx5Cou7ajbmo=
golang.org/x/term v0.0.0-20210927222741-03fcf44c2211/go.mod h1:jbD1KX2456YbFQfuXm/mYQcufACuNUgVhRMnK/tPxf8=
golang.org/x/text v0.3.0/go.mod h1:NqM8EUOU14njkJ3fqMW+pc6Ldnwhi/IjpwHt7yyuwOQ=
golang.org/x/text v0.3.3/go.mod h1:5Zoc/QRtKVWzQhOtBMvqHzDpF6irO9z98xDceosuGiQ=
golang.org/x/text v0.3.6/go.mod h1:5Zoc/QRtKVWzQhOtBMvqHzDpF6irO9z98xDceosuGiQ=
golang.org/x/text v0.3.7/go.mod h1:u+2+/6zg+i71rQMx5EYifcz6MCKuco9NR6JIITiCfzQ=
golang.org/x/tools v0.0.0-20180917221912-90fa682c2a6e/go.mod h1:n7NCudcB/nEzxVGmLbDWY5pfWTLqBcC2KZ6jyYvM4mQ=
golang.org/x/xerrors v0.0.0-20191204190536-9bdfabe68543/go.mod h1:I/5z698sn9Ka8TeJc9MKroUUfqBBauWjQqLJ2OPfmY0=
gopkg.in/check.v1 v0.0.0-20161208181325-20d25e280405 h1:yhCVgyC4o1eVCa2tZl7eS0r+SDo693bJlVdllGtEeKM=
gopkg.in/check.v1 v0.0.0-20161208181325-20d25e280405/go.mod h1:Co6ibVJAznAaIkqp8huTwlJQCZ016jof/cbN4VW5Yz0=
gopkg.in/yaml.v3 v3.0.0-20200313102051-9f266ea9e77c/go.mod h1:K4uyk7z7BCEPqu6E+C64Yfv1cQ7kz7rIZviUmN+EgEM=
gopkg.in/yaml.v3 v3.0.0-20210107192922-496545a6307b h1:h8qDotaEPuJATrMmW04NCwg7v22aHH28wwpauUhK9Oo=
gopkg.in/yaml.v3 v3.0.0-20210107192922-496545a6307b/go.mod h1:K4uyk7z7BCEPqu6E+C64Yfv1cQ7kz7rIZviUmN+EgEM=
