github.com/whitaker-io/machine/common v0.1.1 h1:6R+cpbh0wEcv6rJxrXuOqj6GDRBuFrj4wBwT21orxnk=
github.com/whitaker-io/machine/common v0.1.1/go.mod h1:EsCg9PCydROYr/JmFFMSlx5tzGY13BG86UF2prD1/5U=
github.com/whitaker-io/machine/v3 v3.2.3 h1:I+wRzswgpnp4cuZBIVOf/aW6NPBmcJx3Yb94W4yhrac=
github.com/whitaker-io/machine/v3 v3.2.3/go.mod h1:s8xvBOWv3LWffDQhVkJvyPQhFrD04tiVg0RDtrjqTzM=
github.com/whitaker-io/machine/v3 v3.2.4 h1:UDp9vIv8l/8OUZkV//j+XFfru2LiBQWe28MAPAONsv8=
github.com/whitaker-io/machine/v3 v3.2.4/go.mod h1:+CWz6FLMbzog+XP2jGjKxRGh2IoTEogf2xM6SznuVT0=
